// !$*UTF8*$!
{
	archiveVersion = 1;
	classes = {
	};
	objectVersion = 50;
	objects = {

/* Begin PBXBuildFile section */
		3111351D2322CC37005A2619 /* OperationStreamListView.swift in Sources */ = {isa = PBXBuildFile; fileRef = 3111351C2322CC37005A2619 /* OperationStreamListView.swift */; };
		3111351F2322D29D005A2619 /* GroupOperationListStreamView.swift in Sources */ = {isa = PBXBuildFile; fileRef = 3111351E2322D29D005A2619 /* GroupOperationListStreamView.swift */; };
		311135232323071B005A2619 /* CombineGroupOperationListStreamView.swift in Sources */ = {isa = PBXBuildFile; fileRef = 311135222323071B005A2619 /* CombineGroupOperationListStreamView.swift */; };
		31157DFD2315AD7600CEFE3C /* UpdateStreamView.swift in Sources */ = {isa = PBXBuildFile; fileRef = 31157DFC2315AD7600CEFE3C /* UpdateStreamView.swift */; };
		31157DFF2315D35A00CEFE3C /* UpdateStreamViewModel.swift in Sources */ = {isa = PBXBuildFile; fileRef = 31157DFE2315D35A00CEFE3C /* UpdateStreamViewModel.swift */; };
		3116EE1922FBDF6000F75D6F /* DoubleStreamView.swift in Sources */ = {isa = PBXBuildFile; fileRef = 3116EE1822FBDF6000F75D6F /* DoubleStreamView.swift */; };
		311AB9D6232AB93000027E15 /* MultiBallView.swift in Sources */ = {isa = PBXBuildFile; fileRef = 311AB9D5232AB93000027E15 /* MultiBallView.swift */; };
		311AB9D8232AB97000027E15 /* MultiBallViewModel.swift in Sources */ = {isa = PBXBuildFile; fileRef = 311AB9D7232AB97000027E15 /* MultiBallViewModel.swift */; };
		311AB9DC232ABE1F00027E15 /* MultiBallTunnelView.swift in Sources */ = {isa = PBXBuildFile; fileRef = 311AB9DB232ABE1F00027E15 /* MultiBallTunnelView.swift */; };
		312B0D1F2315DD75004E3C0E /* BallViewModel.swift in Sources */ = {isa = PBXBuildFile; fileRef = 312B0D1E2315DD75004E3C0E /* BallViewModel.swift */; };
		313841752302202700D45341 /* TestView.swift in Sources */ = {isa = PBXBuildFile; fileRef = 313841742302202700D45341 /* TestView.swift */; };
		3163E60A22F8A92B00E0FDF2 /* OperationStreamView.swift in Sources */ = {isa = PBXBuildFile; fileRef = 3163E60922F8A92B00E0FDF2 /* OperationStreamView.swift */; };
		3163E60D22F8B67A00E0FDF2 /* CombineDemoButton.swift in Sources */ = {isa = PBXBuildFile; fileRef = 3163E60C22F8B67A00E0FDF2 /* CombineDemoButton.swift */; };
		316518B722FBEA6900C8535D /* CombineSingleStreamView.swift in Sources */ = {isa = PBXBuildFile; fileRef = 316518B622FBEA6900C8535D /* CombineSingleStreamView.swift */; };
		316518BC22FC9DFD00C8535D /* CombineResultStreamView.swift in Sources */ = {isa = PBXBuildFile; fileRef = 316518BB22FC9DFD00C8535D /* CombineResultStreamView.swift */; };
		316A347C22F4DE44002D24AA /* BallTunnelView.swift in Sources */ = {isa = PBXBuildFile; fileRef = 316A347B22F4DE44002D24AA /* BallTunnelView.swift */; };
		318149D72319E3850006EE0C /* ContentViewModel.swift in Sources */ = {isa = PBXBuildFile; fileRef = 318149D62319E3850006EE0C /* ContentViewModel.swift */; };
		31826A8122F3AC1300A163A6 /* StreamViewModel.swift in Sources */ = {isa = PBXBuildFile; fileRef = 31826A8022F3AC1300A163A6 /* StreamViewModel.swift */; };
		31A9655423199EA7009C2C16 /* StreamListView.swift in Sources */ = {isa = PBXBuildFile; fileRef = 31A9655323199EA7009C2C16 /* StreamListView.swift */; };
		31A965572319D5D3009C2C16 /* DataModels.swift in Sources */ = {isa = PBXBuildFile; fileRef = 31A965562319D5D3009C2C16 /* DataModels.swift */; };
		31A9655B2319D849009C2C16 /* ButtonModifier.swift in Sources */ = {isa = PBXBuildFile; fileRef = 31A9655A2319D849009C2C16 /* ButtonModifier.swift */; };
		31F1DFCB23175BBF00347B55 /* DataService.swift in Sources */ = {isa = PBXBuildFile; fileRef = 31F1DFCA23175BBF00347B55 /* DataService.swift */; };
		31F1DFCD2317916400347B55 /* DynamicStreamViewModel.swift in Sources */ = {isa = PBXBuildFile; fileRef = 31F1DFCC2317916400347B55 /* DynamicStreamViewModel.swift */; };
		7C1F1C2222F295860018DDA5 /* MenuRow.swift in Sources */ = {isa = PBXBuildFile; fileRef = 7C1F1C2122F295860018DDA5 /* MenuRow.swift */; };
		7C38B58B22F254350062EE99 /* SingleStreamView.swift in Sources */ = {isa = PBXBuildFile; fileRef = 7C38B58A22F254350062EE99 /* SingleStreamView.swift */; };
		7C38B58D22F255F40062EE99 /* CombineService.swift in Sources */ = {isa = PBXBuildFile; fileRef = 7C38B58C22F255F40062EE99 /* CombineService.swift */; };
		7C7A761C22F1FF13007B76F9 /* AppDelegate.swift in Sources */ = {isa = PBXBuildFile; fileRef = 7C7A761B22F1FF13007B76F9 /* AppDelegate.swift */; };
		7C7A761E22F1FF13007B76F9 /* SceneDelegate.swift in Sources */ = {isa = PBXBuildFile; fileRef = 7C7A761D22F1FF13007B76F9 /* SceneDelegate.swift */; };
		7C7A762022F1FF13007B76F9 /* ContentView.swift in Sources */ = {isa = PBXBuildFile; fileRef = 7C7A761F22F1FF13007B76F9 /* ContentView.swift */; };
		7C7A762222F1FF15007B76F9 /* Assets.xcassets in Resources */ = {isa = PBXBuildFile; fileRef = 7C7A762122F1FF15007B76F9 /* Assets.xcassets */; };
		7C7A762522F1FF15007B76F9 /* Preview Assets.xcassets in Resources */ = {isa = PBXBuildFile; fileRef = 7C7A762422F1FF15007B76F9 /* Preview Assets.xcassets */; };
		7C7A762822F1FF15007B76F9 /* LaunchScreen.storyboard in Resources */ = {isa = PBXBuildFile; fileRef = 7C7A762622F1FF15007B76F9 /* LaunchScreen.storyboard */; };
		7C7A763022F202C2007B76F9 /* BallView.swift in Sources */ = {isa = PBXBuildFile; fileRef = 7C7A762F22F202C2007B76F9 /* BallView.swift */; };
/* End PBXBuildFile section */

/* Begin PBXFileReference section */
		3111351C2322CC37005A2619 /* OperationStreamListView.swift */ = {isa = PBXFileReference; lastKnownFileType = sourcecode.swift; path = OperationStreamListView.swift; sourceTree = "<group>"; };
		3111351E2322D29D005A2619 /* GroupOperationListStreamView.swift */ = {isa = PBXFileReference; lastKnownFileType = sourcecode.swift; path = GroupOperationListStreamView.swift; sourceTree = "<group>"; };
		311135222323071B005A2619 /* CombineGroupOperationListStreamView.swift */ = {isa = PBXFileReference; lastKnownFileType = sourcecode.swift; path = CombineGroupOperationListStreamView.swift; sourceTree = "<group>"; };
		31157DFC2315AD7600CEFE3C /* UpdateStreamView.swift */ = {isa = PBXFileReference; lastKnownFileType = sourcecode.swift; path = UpdateStreamView.swift; sourceTree = "<group>"; };
		31157DFE2315D35A00CEFE3C /* UpdateStreamViewModel.swift */ = {isa = PBXFileReference; lastKnownFileType = sourcecode.swift; path = UpdateStreamViewModel.swift; sourceTree = "<group>"; };
		3116EE1822FBDF6000F75D6F /* DoubleStreamView.swift */ = {isa = PBXFileReference; lastKnownFileType = sourcecode.swift; path = DoubleStreamView.swift; sourceTree = "<group>"; };
		311AB9D5232AB93000027E15 /* MultiBallView.swift */ = {isa = PBXFileReference; lastKnownFileType = sourcecode.swift; path = MultiBallView.swift; sourceTree = "<group>"; };
		311AB9D7232AB97000027E15 /* MultiBallViewModel.swift */ = {isa = PBXFileReference; lastKnownFileType = sourcecode.swift; path = MultiBallViewModel.swift; sourceTree = "<group>"; };
		311AB9DB232ABE1F00027E15 /* MultiBallTunnelView.swift */ = {isa = PBXFileReference; lastKnownFileType = sourcecode.swift; path = MultiBallTunnelView.swift; sourceTree = "<group>"; };
		312B0D1E2315DD75004E3C0E /* BallViewModel.swift */ = {isa = PBXFileReference; lastKnownFileType = sourcecode.swift; path = BallViewModel.swift; sourceTree = "<group>"; };
		313841742302202700D45341 /* TestView.swift */ = {isa = PBXFileReference; lastKnownFileType = sourcecode.swift; path = TestView.swift; sourceTree = "<group>"; };
		3163E60922F8A92B00E0FDF2 /* OperationStreamView.swift */ = {isa = PBXFileReference; lastKnownFileType = sourcecode.swift; path = OperationStreamView.swift; sourceTree = "<group>"; };
		3163E60C22F8B67A00E0FDF2 /* CombineDemoButton.swift */ = {isa = PBXFileReference; lastKnownFileType = sourcecode.swift; path = CombineDemoButton.swift; sourceTree = "<group>"; };
		316518B622FBEA6900C8535D /* CombineSingleStreamView.swift */ = {isa = PBXFileReference; lastKnownFileType = sourcecode.swift; path = CombineSingleStreamView.swift; sourceTree = "<group>"; };
		316518BB22FC9DFD00C8535D /* CombineResultStreamView.swift */ = {isa = PBXFileReference; lastKnownFileType = sourcecode.swift; path = CombineResultStreamView.swift; sourceTree = "<group>"; };
		316A347B22F4DE44002D24AA /* BallTunnelView.swift */ = {isa = PBXFileReference; lastKnownFileType = sourcecode.swift; path = BallTunnelView.swift; sourceTree = "<group>"; };
		318149D62319E3850006EE0C /* ContentViewModel.swift */ = {isa = PBXFileReference; lastKnownFileType = sourcecode.swift; path = ContentViewModel.swift; sourceTree = "<group>"; };
		31826A8022F3AC1300A163A6 /* StreamViewModel.swift */ = {isa = PBXFileReference; lastKnownFileType = sourcecode.swift; path = StreamViewModel.swift; sourceTree = "<group>"; };
		3191BC0A23076CD200D89FDA /* README.md */ = {isa = PBXFileReference; lastKnownFileType = net.daringfireball.markdown; path = README.md; sourceTree = "<group>"; };
		31A9655323199EA7009C2C16 /* StreamListView.swift */ = {isa = PBXFileReference; lastKnownFileType = sourcecode.swift; path = StreamListView.swift; sourceTree = "<group>"; };
		31A965562319D5D3009C2C16 /* DataModels.swift */ = {isa = PBXFileReference; lastKnownFileType = sourcecode.swift; path = DataModels.swift; sourceTree = "<group>"; };
		31A9655A2319D849009C2C16 /* ButtonModifier.swift */ = {isa = PBXFileReference; lastKnownFileType = sourcecode.swift; path = ButtonModifier.swift; sourceTree = "<group>"; };
		31F1DFCA23175BBF00347B55 /* DataService.swift */ = {isa = PBXFileReference; lastKnownFileType = sourcecode.swift; path = DataService.swift; sourceTree = "<group>"; };
		31F1DFCC2317916400347B55 /* DynamicStreamViewModel.swift */ = {isa = PBXFileReference; lastKnownFileType = sourcecode.swift; path = DynamicStreamViewModel.swift; sourceTree = "<group>"; };
		7C1F1C2122F295860018DDA5 /* MenuRow.swift */ = {isa = PBXFileReference; lastKnownFileType = sourcecode.swift; path = MenuRow.swift; sourceTree = "<group>"; };
		7C38B58A22F254350062EE99 /* SingleStreamView.swift */ = {isa = PBXFileReference; lastKnownFileType = sourcecode.swift; path = SingleStreamView.swift; sourceTree = "<group>"; };
		7C38B58C22F255F40062EE99 /* CombineService.swift */ = {isa = PBXFileReference; lastKnownFileType = sourcecode.swift; path = CombineService.swift; sourceTree = "<group>"; };
		7C7A761822F1FF13007B76F9 /* CombineDemo.app */ = {isa = PBXFileReference; explicitFileType = wrapper.application; includeInIndex = 0; path = CombineDemo.app; sourceTree = BUILT_PRODUCTS_DIR; };
		7C7A761B22F1FF13007B76F9 /* AppDelegate.swift */ = {isa = PBXFileReference; lastKnownFileType = sourcecode.swift; path = AppDelegate.swift; sourceTree = "<group>"; };
		7C7A761D22F1FF13007B76F9 /* SceneDelegate.swift */ = {isa = PBXFileReference; lastKnownFileType = sourcecode.swift; path = SceneDelegate.swift; sourceTree = "<group>"; };
		7C7A761F22F1FF13007B76F9 /* ContentView.swift */ = {isa = PBXFileReference; lastKnownFileType = sourcecode.swift; path = ContentView.swift; sourceTree = "<group>"; };
		7C7A762122F1FF15007B76F9 /* Assets.xcassets */ = {isa = PBXFileReference; lastKnownFileType = folder.assetcatalog; path = Assets.xcassets; sourceTree = "<group>"; };
		7C7A762422F1FF15007B76F9 /* Preview Assets.xcassets */ = {isa = PBXFileReference; lastKnownFileType = folder.assetcatalog; path = "Preview Assets.xcassets"; sourceTree = "<group>"; };
		7C7A762722F1FF15007B76F9 /* Base */ = {isa = PBXFileReference; lastKnownFileType = file.storyboard; name = Base; path = Base.lproj/LaunchScreen.storyboard; sourceTree = "<group>"; };
		7C7A762922F1FF15007B76F9 /* Info.plist */ = {isa = PBXFileReference; lastKnownFileType = text.plist.xml; path = Info.plist; sourceTree = "<group>"; };
		7C7A762F22F202C2007B76F9 /* BallView.swift */ = {isa = PBXFileReference; lastKnownFileType = sourcecode.swift; path = BallView.swift; sourceTree = "<group>"; };
/* End PBXFileReference section */

/* Begin PBXFrameworksBuildPhase section */
		7C7A761522F1FF13007B76F9 /* Frameworks */ = {
			isa = PBXFrameworksBuildPhase;
			buildActionMask = 2147483647;
			files = (
			);
			runOnlyForDeploymentPostprocessing = 0;
		};
/* End PBXFrameworksBuildPhase section */

/* Begin PBXGroup section */
		3111351B2321BABE005A2619 /* ContentView */ = {
			isa = PBXGroup;
			children = (
				7C7A761F22F1FF13007B76F9 /* ContentView.swift */,
				318149D62319E3850006EE0C /* ContentViewModel.swift */,
			);
			path = ContentView;
			sourceTree = "<group>";
		};
		31157E002315D36200CEFE3C /* UpdateStreamView */ = {
			isa = PBXGroup;
			children = (
				31157DFC2315AD7600CEFE3C /* UpdateStreamView.swift */,
				31157DFE2315D35A00CEFE3C /* UpdateStreamViewModel.swift */,
			);
			path = UpdateStreamView;
			sourceTree = "<group>";
		};
		311AB9D4232AB91600027E15 /* MultiBallViews */ = {
			isa = PBXGroup;
			children = (
				311AB9D5232AB93000027E15 /* MultiBallView.swift */,
				311AB9D7232AB97000027E15 /* MultiBallViewModel.swift */,
				311AB9DB232ABE1F00027E15 /* MultiBallTunnelView.swift */,
			);
			path = MultiBallViews;
			sourceTree = "<group>";
		};
		3163E60B22F8B66B00E0FDF2 /* Styles */ = {
			isa = PBXGroup;
			children = (
				3163E60C22F8B67A00E0FDF2 /* CombineDemoButton.swift */,
				31A9655A2319D849009C2C16 /* ButtonModifier.swift */,
			);
			path = Styles;
			sourceTree = "<group>";
		};
		316518B022FBE8A100C8535D /* SingleBallViews */ = {
			isa = PBXGroup;
			children = (
				7C7A762F22F202C2007B76F9 /* BallView.swift */,
				312B0D1E2315DD75004E3C0E /* BallViewModel.swift */,
				316A347B22F4DE44002D24AA /* BallTunnelView.swift */,
			);
			path = SingleBallViews;
			sourceTree = "<group>";
		};
		316518B822FC892700C8535D /* CombineSingleStreamView */ = {
			isa = PBXGroup;
			children = (
				316518B622FBEA6900C8535D /* CombineSingleStreamView.swift */,
				316518BB22FC9DFD00C8535D /* CombineResultStreamView.swift */,
			);
			path = CombineSingleStreamView;
			sourceTree = "<group>";
		};
		31A965552319D5C3009C2C16 /* Data */ = {
			isa = PBXGroup;
			children = (
				31F1DFCA23175BBF00347B55 /* DataService.swift */,
				31A965562319D5D3009C2C16 /* DataModels.swift */,
			);
			path = Data;
			sourceTree = "<group>";
		};
		31A965582319D74A009C2C16 /* Application */ = {
			isa = PBXGroup;
			children = (
				7C7A762122F1FF15007B76F9 /* Assets.xcassets */,
				7C7A762622F1FF15007B76F9 /* LaunchScreen.storyboard */,
				7C7A762922F1FF15007B76F9 /* Info.plist */,
				7C7A761B22F1FF13007B76F9 /* AppDelegate.swift */,
				7C7A761D22F1FF13007B76F9 /* SceneDelegate.swift */,
			);
			path = Application;
			sourceTree = "<group>";
		};
		31A965592319D7D1009C2C16 /* Utilities */ = {
			isa = PBXGroup;
			children = (
				7C38B58C22F255F40062EE99 /* CombineService.swift */,
			);
			path = Utilities;
			sourceTree = "<group>";
		};
		7C1F1C2022F2954F0018DDA5 /* Menu */ = {
			isa = PBXGroup;
			children = (
				7C1F1C2122F295860018DDA5 /* MenuRow.swift */,
			);
			path = Menu;
			sourceTree = "<group>";
		};
		7C7A760F22F1FF13007B76F9 = {
			isa = PBXGroup;
			children = (
				3191BC0A23076CD200D89FDA /* README.md */,
				7C7A761A22F1FF13007B76F9 /* CombineDemo */,
				7C7A761922F1FF13007B76F9 /* Products */,
			);
			sourceTree = "<group>";
		};
		7C7A761922F1FF13007B76F9 /* Products */ = {
			isa = PBXGroup;
			children = (
				7C7A761822F1FF13007B76F9 /* CombineDemo.app */,
			);
			name = Products;
			sourceTree = "<group>";
		};
		7C7A761A22F1FF13007B76F9 /* CombineDemo */ = {
			isa = PBXGroup;
			children = (
				31A965582319D74A009C2C16 /* Application */,
				7C7A762322F1FF15007B76F9 /* Preview Content */,
				3163E60B22F8B66B00E0FDF2 /* Styles */,
				7C1F1C2022F2954F0018DDA5 /* Menu */,
				31A965552319D5C3009C2C16 /* Data */,
				31A965592319D7D1009C2C16 /* Utilities */,
				3111351B2321BABE005A2619 /* ContentView */,
				31A9655323199EA7009C2C16 /* StreamListView.swift */,
				3111351C2322CC37005A2619 /* OperationStreamListView.swift */,
				3111351E2322D29D005A2619 /* GroupOperationListStreamView.swift */,
				311135222323071B005A2619 /* CombineGroupOperationListStreamView.swift */,
				316518B022FBE8A100C8535D /* SingleBallViews */,
				311AB9D4232AB91600027E15 /* MultiBallViews */,
				31826A8022F3AC1300A163A6 /* StreamViewModel.swift */,
				31F1DFCC2317916400347B55 /* DynamicStreamViewModel.swift */,
				7C38B58A22F254350062EE99 /* SingleStreamView.swift */,
				3116EE1822FBDF6000F75D6F /* DoubleStreamView.swift */,
				3163E60922F8A92B00E0FDF2 /* OperationStreamView.swift */,
				316518B822FC892700C8535D /* CombineSingleStreamView */,
				31157E002315D36200CEFE3C /* UpdateStreamView */,
				313841742302202700D45341 /* TestView.swift */,
			);
			path = CombineDemo;
			sourceTree = "<group>";
		};
		7C7A762322F1FF15007B76F9 /* Preview Content */ = {
			isa = PBXGroup;
			children = (
				7C7A762422F1FF15007B76F9 /* Preview Assets.xcassets */,
			);
			path = "Preview Content";
			sourceTree = "<group>";
		};
/* End PBXGroup section */

/* Begin PBXNativeTarget section */
		7C7A761722F1FF13007B76F9 /* CombineDemo */ = {
			isa = PBXNativeTarget;
			buildConfigurationList = 7C7A762C22F1FF15007B76F9 /* Build configuration list for PBXNativeTarget "CombineDemo" */;
			buildPhases = (
				7C7A761422F1FF13007B76F9 /* Sources */,
				7C7A761522F1FF13007B76F9 /* Frameworks */,
				7C7A761622F1FF13007B76F9 /* Resources */,
				313E062D2327F29600CBFA40 /* ShellScript */,
			);
			buildRules = (
			);
			dependencies = (
			);
			name = CombineDemo;
			productName = CombineDemo;
			productReference = 7C7A761822F1FF13007B76F9 /* CombineDemo.app */;
			productType = "com.apple.product-type.application";
		};
/* End PBXNativeTarget section */

/* Begin PBXProject section */
		7C7A761022F1FF13007B76F9 /* Project object */ = {
			isa = PBXProject;
			attributes = {
				LastSwiftUpdateCheck = 1100;
				LastUpgradeCheck = 1100;
				ORGANIZATIONNAME = "Kevin Cheng";
				TargetAttributes = {
					7C7A761722F1FF13007B76F9 = {
						CreatedOnToolsVersion = 11.0;
					};
				};
			};
			buildConfigurationList = 7C7A761322F1FF13007B76F9 /* Build configuration list for PBXProject "CombineDemo" */;
			compatibilityVersion = "Xcode 9.3";
			developmentRegion = en;
			hasScannedForEncodings = 0;
			knownRegions = (
				en,
				Base,
			);
			mainGroup = 7C7A760F22F1FF13007B76F9;
			productRefGroup = 7C7A761922F1FF13007B76F9 /* Products */;
			projectDirPath = "";
			projectRoot = "";
			targets = (
				7C7A761722F1FF13007B76F9 /* CombineDemo */,
			);
		};
/* End PBXProject section */

/* Begin PBXResourcesBuildPhase section */
		7C7A761622F1FF13007B76F9 /* Resources */ = {
			isa = PBXResourcesBuildPhase;
			buildActionMask = 2147483647;
			files = (
				7C7A762822F1FF15007B76F9 /* LaunchScreen.storyboard in Resources */,
				7C7A762522F1FF15007B76F9 /* Preview Assets.xcassets in Resources */,
				7C7A762222F1FF15007B76F9 /* Assets.xcassets in Resources */,
			);
			runOnlyForDeploymentPostprocessing = 0;
		};
/* End PBXResourcesBuildPhase section */

/* Begin PBXShellScriptBuildPhase section */
		313E062D2327F29600CBFA40 /* ShellScript */ = {
			isa = PBXShellScriptBuildPhase;
			buildActionMask = 2147483647;
			files = (
			);
			inputFileListPaths = (
			);
			inputPaths = (
			);
			outputFileListPaths = (
			);
			outputPaths = (
			);
			runOnlyForDeploymentPostprocessing = 0;
			shellPath = /bin/sh;
			shellScript = "if which swiftlint >/dev/null; then\n  swiftlint\nelse\n  echo \"warning: SwiftLint not installed, download from https://github.com/realm/SwiftLint\"\nfi\n";
		};
/* End PBXShellScriptBuildPhase section */

/* Begin PBXSourcesBuildPhase section */
		7C7A761422F1FF13007B76F9 /* Sources */ = {
			isa = PBXSourcesBuildPhase;
			buildActionMask = 2147483647;
			files = (
				311AB9D8232AB97000027E15 /* MultiBallViewModel.swift in Sources */,
				31157DFD2315AD7600CEFE3C /* UpdateStreamView.swift in Sources */,
				311135232323071B005A2619 /* CombineGroupOperationListStreamView.swift in Sources */,
				3111351D2322CC37005A2619 /* OperationStreamListView.swift in Sources */,
				31157DFF2315D35A00CEFE3C /* UpdateStreamViewModel.swift in Sources */,
				7C38B58D22F255F40062EE99 /* CombineService.swift in Sources */,
				7C7A761C22F1FF13007B76F9 /* AppDelegate.swift in Sources */,
				31F1DFCD2317916400347B55 /* DynamicStreamViewModel.swift in Sources */,
				3111351F2322D29D005A2619 /* GroupOperationListStreamView.swift in Sources */,
				31F1DFCB23175BBF00347B55 /* DataService.swift in Sources */,
				7C7A761E22F1FF13007B76F9 /* SceneDelegate.swift in Sources */,
				311AB9DC232ABE1F00027E15 /* MultiBallTunnelView.swift in Sources */,
				3116EE1922FBDF6000F75D6F /* DoubleStreamView.swift in Sources */,
				316A347C22F4DE44002D24AA /* BallTunnelView.swift in Sources */,
				31A965572319D5D3009C2C16 /* DataModels.swift in Sources */,
				31826A8122F3AC1300A163A6 /* StreamViewModel.swift in Sources */,
				316518B722FBEA6900C8535D /* CombineSingleStreamView.swift in Sources */,
				7C38B58B22F254350062EE99 /* SingleStreamView.swift in Sources */,
				7C7A762022F1FF13007B76F9 /* ContentView.swift in Sources */,
				318149D72319E3850006EE0C /* ContentViewModel.swift in Sources */,
				31A9655B2319D849009C2C16 /* ButtonModifier.swift in Sources */,
				3163E60D22F8B67A00E0FDF2 /* CombineDemoButton.swift in Sources */,
				7C1F1C2222F295860018DDA5 /* MenuRow.swift in Sources */,
				3163E60A22F8A92B00E0FDF2 /* OperationStreamView.swift in Sources */,
				31A9655423199EA7009C2C16 /* StreamListView.swift in Sources */,
				313841752302202700D45341 /* TestView.swift in Sources */,
				311AB9D6232AB93000027E15 /* MultiBallView.swift in Sources */,
				7C7A763022F202C2007B76F9 /* BallView.swift in Sources */,
				312B0D1F2315DD75004E3C0E /* BallViewModel.swift in Sources */,
				316518BC22FC9DFD00C8535D /* CombineResultStreamView.swift in Sources */,
			);
			runOnlyForDeploymentPostprocessing = 0;
		};
/* End PBXSourcesBuildPhase section */

/* Begin PBXVariantGroup section */
		7C7A762622F1FF15007B76F9 /* LaunchScreen.storyboard */ = {
			isa = PBXVariantGroup;
			children = (
				7C7A762722F1FF15007B76F9 /* Base */,
			);
			name = LaunchScreen.storyboard;
			sourceTree = "<group>";
		};
/* End PBXVariantGroup section */

/* Begin XCBuildConfiguration section */
		7C7A762A22F1FF15007B76F9 /* Debug */ = {
			isa = XCBuildConfiguration;
			buildSettings = {
				ALWAYS_SEARCH_USER_PATHS = NO;
				CLANG_ANALYZER_NONNULL = YES;
				CLANG_ANALYZER_NUMBER_OBJECT_CONVERSION = YES_AGGRESSIVE;
				CLANG_CXX_LANGUAGE_STANDARD = "gnu++14";
				CLANG_CXX_LIBRARY = "libc++";
				CLANG_ENABLE_MODULES = YES;
				CLANG_ENABLE_OBJC_ARC = YES;
				CLANG_ENABLE_OBJC_WEAK = YES;
				CLANG_WARN_BLOCK_CAPTURE_AUTORELEASING = YES;
				CLANG_WARN_BOOL_CONVERSION = YES;
				CLANG_WARN_COMMA = YES;
				CLANG_WARN_CONSTANT_CONVERSION = YES;
				CLANG_WARN_DEPRECATED_OBJC_IMPLEMENTATIONS = YES;
				CLANG_WARN_DIRECT_OBJC_ISA_USAGE = YES_ERROR;
				CLANG_WARN_DOCUMENTATION_COMMENTS = YES;
				CLANG_WARN_EMPTY_BODY = YES;
				CLANG_WARN_ENUM_CONVERSION = YES;
				CLANG_WARN_INFINITE_RECURSION = YES;
				CLANG_WARN_INT_CONVERSION = YES;
				CLANG_WARN_NON_LITERAL_NULL_CONVERSION = YES;
				CLANG_WARN_OBJC_IMPLICIT_RETAIN_SELF = YES;
				CLANG_WARN_OBJC_LITERAL_CONVERSION = YES;
				CLANG_WARN_OBJC_ROOT_CLASS = YES_ERROR;
				CLANG_WARN_RANGE_LOOP_ANALYSIS = YES;
				CLANG_WARN_STRICT_PROTOTYPES = YES;
				CLANG_WARN_SUSPICIOUS_MOVE = YES;
				CLANG_WARN_UNGUARDED_AVAILABILITY = YES_AGGRESSIVE;
				CLANG_WARN_UNREACHABLE_CODE = YES;
				CLANG_WARN__DUPLICATE_METHOD_MATCH = YES;
				COPY_PHASE_STRIP = NO;
				DEBUG_INFORMATION_FORMAT = dwarf;
				ENABLE_STRICT_OBJC_MSGSEND = YES;
				ENABLE_TESTABILITY = YES;
				GCC_C_LANGUAGE_STANDARD = gnu11;
				GCC_DYNAMIC_NO_PIC = NO;
				GCC_NO_COMMON_BLOCKS = YES;
				GCC_OPTIMIZATION_LEVEL = 0;
				GCC_PREPROCESSOR_DEFINITIONS = (
					"DEBUG=1",
					"$(inherited)",
				);
				GCC_WARN_64_TO_32_BIT_CONVERSION = YES;
				GCC_WARN_ABOUT_RETURN_TYPE = YES_ERROR;
				GCC_WARN_UNDECLARED_SELECTOR = YES;
				GCC_WARN_UNINITIALIZED_AUTOS = YES_AGGRESSIVE;
				GCC_WARN_UNUSED_FUNCTION = YES;
				GCC_WARN_UNUSED_VARIABLE = YES;
				IPHONEOS_DEPLOYMENT_TARGET = 13.0;
				MTL_ENABLE_DEBUG_INFO = INCLUDE_SOURCE;
				MTL_FAST_MATH = YES;
				ONLY_ACTIVE_ARCH = YES;
				SDKROOT = iphoneos;
				SWIFT_ACTIVE_COMPILATION_CONDITIONS = DEBUG;
				SWIFT_OPTIMIZATION_LEVEL = "-Onone";
			};
			name = Debug;
		};
		7C7A762B22F1FF15007B76F9 /* Release */ = {
			isa = XCBuildConfiguration;
			buildSettings = {
				ALWAYS_SEARCH_USER_PATHS = NO;
				CLANG_ANALYZER_NONNULL = YES;
				CLANG_ANALYZER_NUMBER_OBJECT_CONVERSION = YES_AGGRESSIVE;
				CLANG_CXX_LANGUAGE_STANDARD = "gnu++14";
				CLANG_CXX_LIBRARY = "libc++";
				CLANG_ENABLE_MODULES = YES;
				CLANG_ENABLE_OBJC_ARC = YES;
				CLANG_ENABLE_OBJC_WEAK = YES;
				CLANG_WARN_BLOCK_CAPTURE_AUTORELEASING = YES;
				CLANG_WARN_BOOL_CONVERSION = YES;
				CLANG_WARN_COMMA = YES;
				CLANG_WARN_CONSTANT_CONVERSION = YES;
				CLANG_WARN_DEPRECATED_OBJC_IMPLEMENTATIONS = YES;
				CLANG_WARN_DIRECT_OBJC_ISA_USAGE = YES_ERROR;
				CLANG_WARN_DOCUMENTATION_COMMENTS = YES;
				CLANG_WARN_EMPTY_BODY = YES;
				CLANG_WARN_ENUM_CONVERSION = YES;
				CLANG_WARN_INFINITE_RECURSION = YES;
				CLANG_WARN_INT_CONVERSION = YES;
				CLANG_WARN_NON_LITERAL_NULL_CONVERSION = YES;
				CLANG_WARN_OBJC_IMPLICIT_RETAIN_SELF = YES;
				CLANG_WARN_OBJC_LITERAL_CONVERSION = YES;
				CLANG_WARN_OBJC_ROOT_CLASS = YES_ERROR;
				CLANG_WARN_RANGE_LOOP_ANALYSIS = YES;
				CLANG_WARN_STRICT_PROTOTYPES = YES;
				CLANG_WARN_SUSPICIOUS_MOVE = YES;
				CLANG_WARN_UNGUARDED_AVAILABILITY = YES_AGGRESSIVE;
				CLANG_WARN_UNREACHABLE_CODE = YES;
				CLANG_WARN__DUPLICATE_METHOD_MATCH = YES;
				COPY_PHASE_STRIP = NO;
				DEBUG_INFORMATION_FORMAT = "dwarf-with-dsym";
				ENABLE_NS_ASSERTIONS = NO;
				ENABLE_STRICT_OBJC_MSGSEND = YES;
				GCC_C_LANGUAGE_STANDARD = gnu11;
				GCC_NO_COMMON_BLOCKS = YES;
				GCC_WARN_64_TO_32_BIT_CONVERSION = YES;
				GCC_WARN_ABOUT_RETURN_TYPE = YES_ERROR;
				GCC_WARN_UNDECLARED_SELECTOR = YES;
				GCC_WARN_UNINITIALIZED_AUTOS = YES_AGGRESSIVE;
				GCC_WARN_UNUSED_FUNCTION = YES;
				GCC_WARN_UNUSED_VARIABLE = YES;
				IPHONEOS_DEPLOYMENT_TARGET = 13.0;
				MTL_ENABLE_DEBUG_INFO = NO;
				MTL_FAST_MATH = YES;
				SDKROOT = iphoneos;
				SWIFT_COMPILATION_MODE = wholemodule;
				SWIFT_OPTIMIZATION_LEVEL = "-O";
				VALIDATE_PRODUCT = YES;
			};
			name = Release;
		};
		7C7A762D22F1FF15007B76F9 /* Debug */ = {
			isa = XCBuildConfiguration;
			buildSettings = {
				ASSETCATALOG_COMPILER_APPICON_NAME = AppIcon;
				CODE_SIGN_STYLE = Automatic;
				DEVELOPMENT_ASSET_PATHS = "CombineDemo/Preview\\ Content";
				DEVELOPMENT_TEAM = KXLAX969HP;
				ENABLE_PREVIEWS = YES;
				INFOPLIST_FILE = CombineDemo/Application/Info.plist;
				LD_RUNPATH_SEARCH_PATHS = (
					"$(inherited)",
					"@executable_path/Frameworks",
				);
				PRODUCT_BUNDLE_IDENTIFIER = "com.kevin-minority.CombineDemo";
				PRODUCT_NAME = "$(TARGET_NAME)";
				SWIFT_VERSION = 5.0;
				TARGETED_DEVICE_FAMILY = "1,2";
			};
			name = Debug;
		};
		7C7A762E22F1FF15007B76F9 /* Release */ = {
			isa = XCBuildConfiguration;
			buildSettings = {
				ASSETCATALOG_COMPILER_APPICON_NAME = AppIcon;
				CODE_SIGN_STYLE = Automatic;
				DEVELOPMENT_ASSET_PATHS = "CombineDemo/Preview\\ Content";
				DEVELOPMENT_TEAM = KXLAX969HP;
				ENABLE_PREVIEWS = YES;
				INFOPLIST_FILE = CombineDemo/Application/Info.plist;
				LD_RUNPATH_SEARCH_PATHS = (
					"$(inherited)",
					"@executable_path/Frameworks",
				);
				PRODUCT_BUNDLE_IDENTIFIER = "com.kevin-minority.CombineDemo";
				PRODUCT_NAME = "$(TARGET_NAME)";
				SWIFT_VERSION = 5.0;
				TARGETED_DEVICE_FAMILY = "1,2";
			};
			name = Release;
		};
/* End XCBuildConfiguration section */

/* Begin XCConfigurationList section */
		7C7A761322F1FF13007B76F9 /* Build configuration list for PBXProject "CombineDemo" */ = {
			isa = XCConfigurationList;
			buildConfigurations = (
				7C7A762A22F1FF15007B76F9 /* Debug */,
				7C7A762B22F1FF15007B76F9 /* Release */,
			);
			defaultConfigurationIsVisible = 0;
			defaultConfigurationName = Release;
		};
		7C7A762C22F1FF15007B76F9 /* Build configuration list for PBXNativeTarget "CombineDemo" */ = {
			isa = XCConfigurationList;
			buildConfigurations = (
				7C7A762D22F1FF15007B76F9 /* Debug */,
				7C7A762E22F1FF15007B76F9 /* Release */,
			);
			defaultConfigurationIsVisible = 0;
			defaultConfigurationName = Release;
		};
/* End XCConfigurationList section */
	};
	rootObject = 7C7A761022F1FF13007B76F9 /* Project object */;
}
